// !$*UTF8*$!
{
	archiveVersion = 1;
	classes = {
	};
	objectVersion = 46;
	objects = {

/* Begin PBXBuildFile section */
		D17DBD7D1ADD630400FFCF6C /* main.m in Sources */ = {isa = PBXBuildFile; fileRef = D17DBD7C1ADD630400FFCF6C /* main.m */; };
		D17DBD801ADD630400FFCF6C /* AppDelegate.m in Sources */ = {isa = PBXBuildFile; fileRef = D17DBD7F1ADD630400FFCF6C /* AppDelegate.m */; };
		D17DBD831ADD630400FFCF6C /* Conti_App.xcdatamodeld in Sources */ = {isa = PBXBuildFile; fileRef = D17DBD811ADD630400FFCF6C /* Conti_App.xcdatamodeld */; };
		D17DBD861ADD630400FFCF6C /* ViewController.m in Sources */ = {isa = PBXBuildFile; fileRef = D17DBD851ADD630400FFCF6C /* ViewController.m */; };
		D17DBD891ADD630400FFCF6C /* Main.storyboard in Resources */ = {isa = PBXBuildFile; fileRef = D17DBD871ADD630400FFCF6C /* Main.storyboard */; };
		D17DBD8B1ADD630400FFCF6C /* Images.xcassets in Resources */ = {isa = PBXBuildFile; fileRef = D17DBD8A1ADD630400FFCF6C /* Images.xcassets */; };
		D17DBD8E1ADD630400FFCF6C /* LaunchScreen.xib in Resources */ = {isa = PBXBuildFile; fileRef = D17DBD8C1ADD630400FFCF6C /* LaunchScreen.xib */; };
		D17DBD9A1ADD630400FFCF6C /* Conti_AppTests.m in Sources */ = {isa = PBXBuildFile; fileRef = D17DBD991ADD630400FFCF6C /* Conti_AppTests.m */; };
/* End PBXBuildFile section */

/* Begin PBXContainerItemProxy section */
		D17DBD941ADD630400FFCF6C /* PBXContainerItemProxy */ = {
			isa = PBXContainerItemProxy;
			containerPortal = D17DBD6F1ADD630400FFCF6C /* Project object */;
			proxyType = 1;
			remoteGlobalIDString = D17DBD761ADD630400FFCF6C;
			remoteInfo = "Conti App";
		};
/* End PBXContainerItemProxy section */

/* Begin PBXFileReference section */
		D17DBD771ADD630400FFCF6C /* Conti App.app */ = {isa = PBXFileReference; explicitFileType = wrapper.application; includeInIndex = 0; path = "Conti App.app"; sourceTree = BUILT_PRODUCTS_DIR; };
		D17DBD7B1ADD630400FFCF6C /* Info.plist */ = {isa = PBXFileReference; lastKnownFileType = text.plist.xml; path = Info.plist; sourceTree = "<group>"; };
		D17DBD7C1ADD630400FFCF6C /* main.m */ = {isa = PBXFileReference; lastKnownFileType = sourcecode.c.objc; path = main.m; sourceTree = "<group>"; };
		D17DBD7E1ADD630400FFCF6C /* AppDelegate.h */ = {isa = PBXFileReference; lastKnownFileType = sourcecode.c.h; path = AppDelegate.h; sourceTree = "<group>"; };
		D17DBD7F1ADD630400FFCF6C /* AppDelegate.m */ = {isa = PBXFileReference; lastKnownFileType = sourcecode.c.objc; path = AppDelegate.m; sourceTree = "<group>"; };
		D17DBD821ADD630400FFCF6C /* Conti_App.xcdatamodel */ = {isa = PBXFileReference; lastKnownFileType = wrapper.xcdatamodel; path = Conti_App.xcdatamodel; sourceTree = "<group>"; };
		D17DBD841ADD630400FFCF6C /* ViewController.h */ = {isa = PBXFileReference; lastKnownFileType = sourcecode.c.h; path = ViewController.h; sourceTree = "<group>"; };
		D17DBD851ADD630400FFCF6C /* ViewController.m */ = {isa = PBXFileReference; lastKnownFileType = sourcecode.c.objc; path = ViewController.m; sourceTree = "<group>"; };
		D17DBD881ADD630400FFCF6C /* Base */ = {isa = PBXFileReference; lastKnownFileType = file.storyboard; name = Base; path = Base.lproj/Main.storyboard; sourceTree = "<group>"; };
		D17DBD8A1ADD630400FFCF6C /* Images.xcassets */ = {isa = PBXFileReference; lastKnownFileType = folder.assetcatalog; path = Images.xcassets; sourceTree = "<group>"; };
		D17DBD8D1ADD630400FFCF6C /* Base */ = {isa = PBXFileReference; lastKnownFileType = file.xib; name = Base; path = Base.lproj/LaunchScreen.xib; sourceTree = "<group>"; };
		D17DBD931ADD630400FFCF6C /* Conti AppTests.xctest */ = {isa = PBXFileReference; explicitFileType = wrapper.cfbundle; includeInIndex = 0; path = "Conti AppTests.xctest"; sourceTree = BUILT_PRODUCTS_DIR; };
		D17DBD981ADD630400FFCF6C /* Info.plist */ = {isa = PBXFileReference; lastKnownFileType = text.plist.xml; path = Info.plist; sourceTree = "<group>"; };
		D17DBD991ADD630400FFCF6C /* Conti_AppTests.m */ = {isa = PBXFileReference; lastKnownFileType = sourcecode.c.objc; path = Conti_AppTests.m; sourceTree = "<group>"; };
/* End PBXFileReference section */

/* Begin PBXFrameworksBuildPhase section */
		D17DBD741ADD630400FFCF6C /* Frameworks */ = {
			isa = PBXFrameworksBuildPhase;
			buildActionMask = 2147483647;
			files = (
			);
			runOnlyForDeploymentPostprocessing = 0;
		};
		D17DBD901ADD630400FFCF6C /* Frameworks */ = {
			isa = PBXFrameworksBuildPhase;
			buildActionMask = 2147483647;
			files = (
			);
			runOnlyForDeploymentPostprocessing = 0;
		};
/* End PBXFrameworksBuildPhase section */

/* Begin PBXGroup section */
		D17DBD6E1ADD630400FFCF6C = {
			isa = PBXGroup;
			children = (
				D17DBD791ADD630400FFCF6C /* Conti App */,
				D17DBD961ADD630400FFCF6C /* Conti AppTests */,
				D17DBD781ADD630400FFCF6C /* Products */,
			);
			sourceTree = "<group>";
		};
		D17DBD781ADD630400FFCF6C /* Products */ = {
			isa = PBXGroup;
			children = (
				D17DBD771ADD630400FFCF6C /* Conti App.app */,
				D17DBD931ADD630400FFCF6C /* Conti AppTests.xctest */,
			);
			name = Products;
			sourceTree = "<group>";
		};
		D17DBD791ADD630400FFCF6C /* Conti App */ = {
			isa = PBXGroup;
			children = (
				D17DBD7E1ADD630400FFCF6C /* AppDelegate.h */,
				D17DBD7F1ADD630400FFCF6C /* AppDelegate.m */,
				D17DBD841ADD630400FFCF6C /* ViewController.h */,
				D17DBD851ADD630400FFCF6C /* ViewController.m */,
				D17DBD871ADD630400FFCF6C /* Main.storyboard */,
				D17DBD8A1ADD630400FFCF6C /* Images.xcassets */,
				D17DBD8C1ADD630400FFCF6C /* LaunchScreen.xib */,
				D17DBD811ADD630400FFCF6C /* Conti_App.xcdatamodeld */,
				D17DBD7A1ADD630400FFCF6C /* Supporting Files */,
			);
			path = "Conti App";
			sourceTree = "<group>";
		};
		D17DBD7A1ADD630400FFCF6C /* Supporting Files */ = {
			isa = PBXGroup;
			children = (
				D17DBD7B1ADD630400FFCF6C /* Info.plist */,
				D17DBD7C1ADD630400FFCF6C /* main.m */,
			);
			name = "Supporting Files";
			sourceTree = "<group>";
		};
		D17DBD961ADD630400FFCF6C /* Conti AppTests */ = {
			isa = PBXGroup;
			children = (
				D17DBD991ADD630400FFCF6C /* Conti_AppTests.m */,
				D17DBD971ADD630400FFCF6C /* Supporting Files */,
			);
			path = "Conti AppTests";
			sourceTree = "<group>";
		};
		D17DBD971ADD630400FFCF6C /* Supporting Files */ = {
			isa = PBXGroup;
			children = (
				D17DBD981ADD630400FFCF6C /* Info.plist */,
			);
			name = "Supporting Files";
			sourceTree = "<group>";
		};
/* End PBXGroup section */

/* Begin PBXNativeTarget section */
		D17DBD761ADD630400FFCF6C /* Conti App */ = {
			isa = PBXNativeTarget;
			buildConfigurationList = D17DBD9D1ADD630400FFCF6C /* Build configuration list for PBXNativeTarget "Conti App" */;
			buildPhases = (
				D17DBD731ADD630400FFCF6C /* Sources */,
				D17DBD741ADD630400FFCF6C /* Frameworks */,
				D17DBD751ADD630400FFCF6C /* Resources */,
			);
			buildRules = (
			);
			dependencies = (
			);
			name = "Conti App";
			productName = "Conti App";
			productReference = D17DBD771ADD630400FFCF6C /* Conti App.app */;
			productType = "com.apple.product-type.application";
		};
		D17DBD921ADD630400FFCF6C /* Conti AppTests */ = {
			isa = PBXNativeTarget;
			buildConfigurationList = D17DBDA01ADD630400FFCF6C /* Build configuration list for PBXNativeTarget "Conti AppTests" */;
			buildPhases = (
				D17DBD8F1ADD630400FFCF6C /* Sources */,
				D17DBD901ADD630400FFCF6C /* Frameworks */,
				D17DBD911ADD630400FFCF6C /* Resources */,
			);
			buildRules = (
			);
			dependencies = (
				D17DBD951ADD630400FFCF6C /* PBXTargetDependency */,
			);
			name = "Conti AppTests";
			productName = "Conti AppTests";
			productReference = D17DBD931ADD630400FFCF6C /* Conti AppTests.xctest */;
			productType = "com.apple.product-type.bundle.unit-test";
		};
/* End PBXNativeTarget section */

/* Begin PBXProject section */
		D17DBD6F1ADD630400FFCF6C /* Project object */ = {
			isa = PBXProject;
			attributes = {
				LastUpgradeCheck = 0630;
				ORGANIZATIONNAME = Smartplace;
				TargetAttributes = {
					D17DBD761ADD630400FFCF6C = {
						CreatedOnToolsVersion = 6.3;
					};
					D17DBD921ADD630400FFCF6C = {
						CreatedOnToolsVersion = 6.3;
						TestTargetID = D17DBD761ADD630400FFCF6C;
					};
				};
			};
			buildConfigurationList = D17DBD721ADD630400FFCF6C /* Build configuration list for PBXProject "Conti App" */;
			compatibilityVersion = "Xcode 3.2";
			developmentRegion = English;
			hasScannedForEncodings = 0;
			knownRegions = (
				en,
				Base,
			);
			mainGroup = D17DBD6E1ADD630400FFCF6C;
			productRefGroup = D17DBD781ADD630400FFCF6C /* Products */;
			projectDirPath = "";
			projectRoot = "";
			targets = (
				D17DBD761ADD630400FFCF6C /* Conti App */,
				D17DBD921ADD630400FFCF6C /* Conti AppTests */,
			);
		};
/* End PBXProject section */

/* Begin PBXResourcesBuildPhase section */
		D17DBD751ADD630400FFCF6C /* Resources */ = {
			isa = PBXResourcesBuildPhase;
			buildActionMask = 2147483647;
			files = (
				D17DBD891ADD630400FFCF6C /* Main.storyboard in Resources */,
				D17DBD8E1ADD630400FFCF6C /* LaunchScreen.xib in Resources */,
				D17DBD8B1ADD630400FFCF6C /* Images.xcassets in Resources */,
			);
			runOnlyForDeploymentPostprocessing = 0;
		};
		D17DBD911ADD630400FFCF6C /* Resources */ = {
			isa = PBXResourcesBuildPhase;
			buildActionMask = 2147483647;
			files = (
			);
			runOnlyForDeploymentPostprocessing = 0;
		};
/* End PBXResourcesBuildPhase section */

/* Begin PBXSourcesBuildPhase section */
		D17DBD731ADD630400FFCF6C /* Sources */ = {
			isa = PBXSourcesBuildPhase;
			buildActionMask = 2147483647;
			files = (
				D17DBD831ADD630400FFCF6C /* Conti_App.xcdatamodeld in Sources */,
				D17DBD801ADD630400FFCF6C /* AppDelegate.m in Sources */,
				D17DBD861ADD630400FFCF6C /* ViewController.m in Sources */,
				D17DBD7D1ADD630400FFCF6C /* main.m in Sources */,
			);
			runOnlyForDeploymentPostprocessing = 0;
		};
		D17DBD8F1ADD630400FFCF6C /* Sources */ = {
			isa = PBXSourcesBuildPhase;
			buildActionMask = 2147483647;
			files = (
				D17DBD9A1ADD630400FFCF6C /* Conti_AppTests.m in Sources */,
			);
			runOnlyForDeploymentPostprocessing = 0;
		};
/* End PBXSourcesBuildPhase section */

/* Begin PBXTargetDependency section */
		D17DBD951ADD630400FFCF6C /* PBXTargetDependency */ = {
			isa = PBXTargetDependency;
			target = D17DBD761ADD630400FFCF6C /* Conti App */;
			targetProxy = D17DBD941ADD630400FFCF6C /* PBXContainerItemProxy */;
		};
/* End PBXTargetDependency section */

/* Begin PBXVariantGroup section */
		D17DBD871ADD630400FFCF6C /* Main.storyboard */ = {
			isa = PBXVariantGroup;
			children = (
				D17DBD881ADD630400FFCF6C /* Base */,
			);
			name = Main.storyboard;
			sourceTree = "<group>";
		};
		D17DBD8C1ADD630400FFCF6C /* LaunchScreen.xib */ = {
			isa = PBXVariantGroup;
			children = (
				D17DBD8D1ADD630400FFCF6C /* Base */,
			);
			name = LaunchScreen.xib;
			sourceTree = "<group>";
		};
/* End PBXVariantGroup section */

/* Begin XCBuildConfiguration section */
		D17DBD9B1ADD630400FFCF6C /* Debug */ = {
			isa = XCBuildConfiguration;
			buildSettings = {
				ALWAYS_SEARCH_USER_PATHS = NO;
				CLANG_CXX_LANGUAGE_STANDARD = "gnu++0x";
				CLANG_CXX_LIBRARY = "libc++";
				CLANG_ENABLE_MODULES = YES;
				CLANG_ENABLE_OBJC_ARC = YES;
				CLANG_WARN_BOOL_CONVERSION = YES;
				CLANG_WARN_CONSTANT_CONVERSION = YES;
				CLANG_WARN_DIRECT_OBJC_ISA_USAGE = YES_ERROR;
				CLANG_WARN_EMPTY_BODY = YES;
				CLANG_WARN_ENUM_CONVERSION = YES;
				CLANG_WARN_INT_CONVERSION = YES;
				CLANG_WARN_OBJC_ROOT_CLASS = YES_ERROR;
				CLANG_WARN_UNREACHABLE_CODE = YES;
				CLANG_WARN__DUPLICATE_METHOD_MATCH = YES;
				"CODE_SIGN_IDENTITY[sdk=iphoneos*]" = "iPhone Developer";
				COPY_PHASE_STRIP = NO;
				DEBUG_INFORMATION_FORMAT = "dwarf-with-dsym";
				ENABLE_STRICT_OBJC_MSGSEND = YES;
				GCC_C_LANGUAGE_STANDARD = gnu99;
				GCC_DYNAMIC_NO_PIC = NO;
				GCC_NO_COMMON_BLOCKS = YES;
				GCC_OPTIMIZATION_LEVEL = 0;
				GCC_PREPROCESSOR_DEFINITIONS = (
					"DEBUG=1",
					"$(inherited)",
				);
				GCC_SYMBOLS_PRIVATE_EXTERN = NO;
				GCC_WARN_64_TO_32_BIT_CONVERSION = YES;
				GCC_WARN_ABOUT_RETURN_TYPE = YES_ERROR;
				GCC_WARN_UNDECLARED_SELECTOR = YES;
				GCC_WARN_UNINITIALIZED_AUTOS = YES_AGGRESSIVE;
				GCC_WARN_UNUSED_FUNCTION = YES;
				GCC_WARN_UNUSED_VARIABLE = YES;
				IPHONEOS_DEPLOYMENT_TARGET = 8.3;
				MTL_ENABLE_DEBUG_INFO = YES;
				ONLY_ACTIVE_ARCH = YES;
				SDKROOT = iphoneos;
			};
			name = Debug;
		};
		D17DBD9C1ADD630400FFCF6C /* Release */ = {
			isa = XCBuildConfiguration;
			buildSettings = {
				ALWAYS_SEARCH_USER_PATHS = NO;
				CLANG_CXX_LANGUAGE_STANDARD = "gnu++0x";
				CLANG_CXX_LIBRARY = "libc++";
				CLANG_ENABLE_MODULES = YES;
				CLANG_ENABLE_OBJC_ARC = YES;
				CLANG_WARN_BOOL_CONVERSION = YES;
				CLANG_WARN_CONSTANT_CONVERSION = YES;
				CLANG_WARN_DIRECT_OBJC_ISA_USAGE = YES_ERROR;
				CLANG_WARN_EMPTY_BODY = YES;
				CLANG_WARN_ENUM_CONVERSION = YES;
				CLANG_WARN_INT_CONVERSION = YES;
				CLANG_WARN_OBJC_ROOT_CLASS = YES_ERROR;
				CLANG_WARN_UNREACHABLE_CODE = YES;
				CLANG_WARN__DUPLICATE_METHOD_MATCH = YES;
				"CODE_SIGN_IDENTITY[sdk=iphoneos*]" = "iPhone Developer";
				COPY_PHASE_STRIP = NO;
				DEBUG_INFORMATION_FORMAT = "dwarf-with-dsym";
				ENABLE_NS_ASSERTIONS = NO;
				ENABLE_STRICT_OBJC_MSGSEND = YES;
				GCC_C_LANGUAGE_STANDARD = gnu99;
				GCC_NO_COMMON_BLOCKS = YES;
				GCC_WARN_64_TO_32_BIT_CONVERSION = YES;
				GCC_WARN_ABOUT_RETURN_TYPE = YES_ERROR;
				GCC_WARN_UNDECLARED_SELECTOR = YES;
				GCC_WARN_UNINITIALIZED_AUTOS = YES_AGGRESSIVE;
				GCC_WARN_UNUSED_FUNCTION = YES;
				GCC_WARN_UNUSED_VARIABLE = YES;
				IPHONEOS_DEPLOYMENT_TARGET = 8.3;
				MTL_ENABLE_DEBUG_INFO = NO;
				SDKROOT = iphoneos;
				VALIDATE_PRODUCT = YES;
			};
			name = Release;
		};
		D17DBD9E1ADD630400FFCF6C /* Debug */ = {
			isa = XCBuildConfiguration;
			buildSettings = {
				ASSETCATALOG_COMPILER_APPICON_NAME = AppIcon;
				CODE_SIGN_IDENTITY = "iPhone Developer";
				INFOPLIST_FILE = "Conti App/Info.plist";
				IPHONEOS_DEPLOYMENT_TARGET = 8.0;
				LD_RUNPATH_SEARCH_PATHS = "$(inherited) @executable_path/Frameworks";
				PRODUCT_NAME = "$(TARGET_NAME)";
			};
			name = Debug;
		};
		D17DBD9F1ADD630400FFCF6C /* Release */ = {
			isa = XCBuildConfiguration;
			buildSettings = {
				ASSETCATALOG_COMPILER_APPICON_NAME = AppIcon;
				CODE_SIGN_IDENTITY = "iPhone Developer";
				INFOPLIST_FILE = "Conti App/Info.plist";
				IPHONEOS_DEPLOYMENT_TARGET = 8.0;
				LD_RUNPATH_SEARCH_PATHS = "$(inherited) @executable_path/Frameworks";
				PRODUCT_NAME = "$(TARGET_NAME)";
			};
			name = Release;
		};
		D17DBDA11ADD630400FFCF6C /* Debug */ = {
			isa = XCBuildConfiguration;
			buildSettings = {
				BUNDLE_LOADER = "$(TEST_HOST)";
				FRAMEWORK_SEARCH_PATHS = (
					"$(SDKROOT)/Developer/Library/Frameworks",
					"$(inherited)",
				);
				GCC_PREPROCESSOR_DEFINITIONS = (
					"DEBUG=1",
					"$(inherited)",
				);
				INFOPLIST_FILE = "Conti AppTests/Info.plist";
				LD_RUNPATH_SEARCH_PATHS = "$(inherited) @executable_path/Frameworks @loader_path/Frameworks";
				PRODUCT_NAME = "$(TARGET_NAME)";
				TEST_HOST = "$(BUILT_PRODUCTS_DIR)/Conti App.app/Conti App";
			};
			name = Debug;
		};
		D17DBDA21ADD630400FFCF6C /* Release */ = {
			isa = XCBuildConfiguration;
			buildSettings = {
				BUNDLE_LOADER = "$(TEST_HOST)";
				FRAMEWORK_SEARCH_PATHS = (
					"$(SDKROOT)/Developer/Library/Frameworks",
					"$(inherited)",
				);
				INFOPLIST_FILE = "Conti AppTests/Info.plist";
				LD_RUNPATH_SEARCH_PATHS = "$(inherited) @executable_path/Frameworks @loader_path/Frameworks";
				PRODUCT_NAME = "$(TARGET_NAME)";
				TEST_HOST = "$(BUILT_PRODUCTS_DIR)/Conti App.app/Conti App";
			};
			name = Release;
		};
/* End XCBuildConfiguration section */

/* Begin XCConfigurationList section */
		D17DBD721ADD630400FFCF6C /* Build configuration list for PBXProject "Conti App" */ = {
			isa = XCConfigurationList;
			buildConfigurations = (
				D17DBD9B1ADD630400FFCF6C /* Debug */,
				D17DBD9C1ADD630400FFCF6C /* Release */,
			);
			defaultConfigurationIsVisible = 0;
			defaultConfigurationName = Release;
		};
		D17DBD9D1ADD630400FFCF6C /* Build configuration list for PBXNativeTarget "Conti App" */ = {
			isa = XCConfigurationList;
			buildConfigurations = (
				D17DBD9E1ADD630400FFCF6C /* Debug */,
				D17DBD9F1ADD630400FFCF6C /* Release */,
			);
			defaultConfigurationIsVisible = 0;
		};
		D17DBDA01ADD630400FFCF6C /* Build configuration list for PBXNativeTarget "Conti AppTests" */ = {
			isa = XCConfigurationList;
			buildConfigurations = (
				D17DBDA11ADD630400FFCF6C /* Debug */,
				D17DBDA21ADD630400FFCF6C /* Release */,
			);
			defaultConfigurationIsVisible = 0;
		};
/* End XCConfigurationList section */

/* Begin XCVersionGroup section */
		D17DBD811ADD630400FFCF6C /* Conti_App.xcdatamodeld */ = {
			isa = XCVersionGroup;
			children = (
				D17DBD821ADD630400FFCF6C /* Conti_App.xcdatamodel */,
			);
			currentVersion = D17DBD821ADD630400FFCF6C /* Conti_App.xcdatamodel */;
			path = Conti_App.xcdatamodeld;
			sourceTree = "<group>";
			versionGroupType = wrapper.xcdatamodel;
		};
/* End XCVersionGroup section */
	};
	rootObject = D17DBD6F1ADD630400FFCF6C /* Project object */;
}
